
Microsoft Visual Studio Solution File, Format Version 12.00
# Visual Studio Version 17
VisualStudioVersion = 17.2.32526.322
MinimumVisualStudioVersion = 10.0.40219.1
Project("{FAE04EC0-301F-11D3-BF4B-00C04F79EFBC}") = "Image_Gallery_Application", "Image_Gallery_Application\Image_Gallery_Application.csproj", "{C203295A-E066-48E5-98A5-76EF99692CB4}"
EndProject
Global
	GlobalSection(SolutionConfigurationPlatforms) = preSolution
		Debug|Any CPU = Debug|Any CPU
		Release|Any CPU = Release|Any CPU
	EndGlobalSection
	GlobalSection(ProjectConfigurationPlatforms) = postSolution
		{C203295A-E066-48E5-98A5-76EF99692CB4}.Debug|Any CPU.ActiveCfg = Debug|Any CPU
		{C203295A-E066-48E5-98A5-76EF99692CB4}.Debug|Any CPU.Build.0 = Debug|Any CPU
		{C203295A-E066-48E5-98A5-76EF99692CB4}.Release|Any CPU.ActiveCfg = Release|Any CPU
		{C203295A-E066-48E5-98A5-76EF99692CB4}.Release|Any CPU.Build.0 = Release|Any CPU
	EndGlobalSection
	GlobalSection(SolutionProperties) = preSolution
		HideSolutionNode = FALSE
	EndGlobalSection
	GlobalSection(ExtensibilityGlobals) = postSolution
		SolutionGuid = {10BC8728-65D1-4DC3-924E-DD045E3127D8}
	EndGlobalSection
EndGlobal
